
Microsoft Visual Studio Solution File, Format Version 12.00
# Visual Studio Version 16
VisualStudioVersion = 16.0.29409.12
MinimumVisualStudioVersion = 10.0.40219.1
Project("{FAE04EC0-301F-11D3-BF4B-00C04F79EFBC}") = "WebApplicationMVC", "WebApplicationMVC\WebApplicationMVC.csproj", "{16174B66-0939-4054-A16D-3165D7516646}"
EndProject
Global
	GlobalSection(SolutionConfigurationPlatforms) = preSolution
		Debug|Any CPU = Debug|Any CPU
		Release|Any CPU = Release|Any CPU
	EndGlobalSection
	GlobalSection(ProjectConfigurationPlatforms) = postSolution
		{16174B66-0939-4054-A16D-3165D7516646}.Debug|Any CPU.ActiveCfg = Debug|Any CPU
		{16174B66-0939-4054-A16D-3165D7516646}.Debug|Any CPU.Build.0 = Debug|Any CPU
		{16174B66-0939-4054-A16D-3165D7516646}.Release|Any CPU.ActiveCfg = Release|Any CPU
		{16174B66-0939-4054-A16D-3165D7516646}.Release|Any CPU.Build.0 = Release|Any CPU
	EndGlobalSection
	GlobalSection(SolutionProperties) = preSolution
		HideSolutionNode = FALSE
	EndGlobalSection
	GlobalSection(ExtensibilityGlobals) = postSolution
		SolutionGuid = {5413994C-BF19-4C95-9452-A61C047FA272}
	EndGlobalSection
EndGlobal
